
Microsoft Visual Studio Solution File, Format Version 12.00
# Visual Studio Version 16
VisualStudioVersion = 16.0.31424.327
MinimumVisualStudioVersion = 10.0.40219.1
Project("{FAE04EC0-301F-11D3-BF4B-00C04F79EFBC}") = "BigDeals", "BigDeals\BigDeals.csproj", "{7D245976-E725-4D5D-A4F9-ED660D8705BE}"
EndProject
Global
	GlobalSection(SolutionConfigurationPlatforms) = preSolution
		Debug|Any CPU = Debug|Any CPU
		Release|Any CPU = Release|Any CPU
	EndGlobalSection
	GlobalSection(ProjectConfigurationPlatforms) = postSolution
		{7D245976-E725-4D5D-A4F9-ED660D8705BE}.Debug|Any CPU.ActiveCfg = Debug|Any CPU
		{7D245976-E725-4D5D-A4F9-ED660D8705BE}.Debug|Any CPU.Build.0 = Debug|Any CPU
		{7D245976-E725-4D5D-A4F9-ED660D8705BE}.Release|Any CPU.ActiveCfg = Release|Any CPU
		{7D245976-E725-4D5D-A4F9-ED660D8705BE}.Release|Any CPU.Build.0 = Release|Any CPU
	EndGlobalSection
	GlobalSection(SolutionProperties) = preSolution
		HideSolutionNode = FALSE
	EndGlobalSection
	GlobalSection(ExtensibilityGlobals) = postSolution
		SolutionGuid = {EF5431A5-51EC-4683-B124-DBF16283EC7D}
	EndGlobalSection
EndGlobal
